Microsoft Visual Studio Solution File, Format Version 12.00
# Visual Studio Version 18
VisualStudioVersion = 18.7.11925.98
MinimumVisualStudioVersion = 10.0.40219.1
Project("{9A19103F-16F7-4668-BE54-9A1E7A4F7556}") = "SDC.Schema", "SDC.Schema\SDC.Schema.csproj", "{3B1B985A-7094-4FC5-966D-C032571443E8}"
EndProject
Project("{9A19103F-16F7-4668-BE54-9A1E7A4F7556}") = "SDC.Schema.Tests", "SDC.Schema.Tests\SDC.Schema.Tests.csproj", "{C2E21526-E47A-45D6-BCAE-775259A7860F}"
EndProject
Project("{FAE04EC0-301F-11D3-BF4B-00C04F79EFBC}") = "Benchmarks", "Benchmarks\Benchmarks.csproj", "{D57BBD9C-10EE-4B1B-8129-730CF0F06FF0}"
EndProject
Project("{FAE04EC0-301F-11D3-BF4B-00C04F79EFBC}") = "SDC.ScriptEngine", "SDC.ScriptEngine\SDC.ScriptEngine.csproj", "{BE31B9DD-B539-46C7-9FD0-0821CE75F7EC}"
EndProject
Project("{FAE04EC0-301F-11D3-BF4B-00C04F79EFBC}") = "SDC.ScriptEngine.Tests", "SDC.ScriptEngine.Tests\SDC.ScriptEngine.Tests.csproj", "{C5C6DEA6-AE79-4782-ABF8-33C23FD6737B}"
EndProject
Project("{FAE04EC0-301F-11D3-BF4B-00C04F79EFBC}") = "SDC.ScriptEngine.WpfTest", "SDC.ScriptEngine.WpfTest\SDC.ScriptEngine.WpfTest.csproj", "{6F068A48-85D6-432F-AFC7-9D1779858505}"
EndProject
Project("{FAE04EC0-301F-11D3-BF4B-00C04F79EFBC}") = "SDC.ScriptEngine.WasmSpike", "SDC.ScriptEngine.WasmSpike\SDC.ScriptEngine.WasmSpike.csproj", "{B869D004-D44C-4204-9D16-91CE174D48E9}"
EndProject
Project("{FAE04EC0-301F-11D3-BF4B-00C04F79EFBC}") = "SDC.ScriptEngine.BlazorTest", "SDC.ScriptEngine.BlazorTest\SDC.ScriptEngine.BlazorTest.csproj", "{1C2519BF-AD24-48B0-A428-9B4D3251E39D}"
EndProject
Project("{FAE04EC0-301F-11D3-BF4B-00C04F79EFBC}") = "SDC.Schema.QA", "SDC.Schema.QA\SDC.Schema.QA.csproj", "{429C2D54-43B1-4101-A1C9-413D69193E47}"
EndProject
Project("{FAE04EC0-301F-11D3-BF4B-00C04F79EFBC}") = "SDC.Schema.QA.Tests", "SDC.Schema.QA.Tests\SDC.Schema.QA.Tests.csproj", "{9E1C551A-D999-43D9-8804-D456A3010E94}"
EndProject
Project("{FAE04EC0-301F-11D3-BF4B-00C04F79EFBC}") = "SDC.Schema.QA.ExampleGenerator", "SDC.Schema.QA.ExampleGenerator\SDC.Schema.QA.ExampleGenerator.csproj", "{991F4786-3F1A-47DE-B7F5-22F24CD5B34D}"
EndProject
Project("{2150E333-8FDC-42A3-9474-1A3956D46DE8}") = "docs", "docs", "{87DB0F58-599C-4AD5-9974-3CF93E666F78}"
	ProjectSection(SolutionItems) = preProject
		..docs\architecture.md = ..docs\architecture.md
		..docs\conventions.md = ..docs\conventions.md
		..docs\glossary.md = ..docs\glossary.md
		..docs\roadmap.md = ..docs\roadmap.md
		..docs\summary.md = ..docs\summary.md
	EndProjectSection
EndProject
Project("{FAE04EC0-301F-11D3-BF4B-00C04F79EFBC}") = "SDC.ScriptEngine.BlazorAsyncTests", "SDC.ScriptEngine.BlazorAsyncTests\SDC.ScriptEngine.BlazorAsyncTests.csproj", "{D8B5A782-0863-4129-A3DF-B12B93EC5729}"
EndProject
Project("{FAE04EC0-301F-11D3-BF4B-00C04F79EFBC}") = "SDC.ScriptEngine.BlazorAsyncTests.Shared", "SDC.ScriptEngine.BlazorAsyncTests.Shared\SDC.ScriptEngine.BlazorAsyncTests.Shared.csproj", "{3506B1F2-C293-4DFB-AD11-10922211DC22}"
EndProject
Project("{FAE04EC0-301F-11D3-BF4B-00C04F79EFBC}") = "SDC.ScriptEngine.BlazorAsyncTests.Phase2", "SDC.ScriptEngine.BlazorAsyncTests.Phase2\SDC.ScriptEngine.BlazorAsyncTests.Phase2.csproj", "{0358A897-9FE0-4BBA-9363-CA8AC1785408}"
EndProject
Project("{FAE04EC0-301F-11D3-BF4B-00C04F79EFBC}") = "SDC.ScriptEngine.BlazorAsyncTests.Phase2.Server", "SDC.ScriptEngine.BlazorAsyncTests.Phase2.Server\SDC.ScriptEngine.BlazorAsyncTests.Phase2.Server.csproj", "{79BF9956-B170-4349-B590-B1F23B0A65F3}"
EndProject
Project("{2150E333-8FDC-42A3-9474-1A3956D46DE8}") = "skills", "skills", "{B616931D-A469-4F55-84BD-B942F981E7A9}"
	ProjectSection(SolutionItems) = preProject
		..docs\skills\README.md = ..docs\skills\README.md
	EndProjectSection
EndProject
Project("{2150E333-8FDC-42A3-9474-1A3956D46DE8}") = "changes", "changes", "{628636F2-1178-4418-A8CC-DFD61E5B27CE}"
	ProjectSection(SolutionItems) = preProject
		..docs\changes\2026-06_AttInfoDif_DifNodeIET.md = ..docs\changes\2026-06_AttInfoDif_DifNodeIET.md
		..docs\changes\2026-07-14_SDAC_SDS_NotificationDesign_v1_EarlyDraft.md = ..docs\changes\2026-07-14_SDAC_SDS_NotificationDesign_v1_EarlyDraft.md
		..docs\changes\2026-07-14_SDAC_SDS_NotificationDesign_v2_Refined.md = ..docs\changes\2026-07-14_SDAC_SDS_NotificationDesign_v2_Refined.md
	EndProjectSection
EndProject
Project("{2150E333-8FDC-42A3-9474-1A3956D46DE8}") = "Architecture", "Architecture", "{62922B6F-1BD7-4D8E-8DAF-96FDFCDE3C48}"
	ProjectSection(SolutionItems) = preProject
		..docs\architecture\compare-trees.md = ..docs\architecture\compare-trees.md
		..docs\architecture\modeling-best-practices.md = ..docs\architecture\modeling-best-practices.md
		..docs\architecture\object-model-overview.md = ..docs\architecture\object-model-overview.md
		..docs\architecture\qa-best-practices.md = ..docs\architecture\qa-best-practices.md
		..docs\architecture\rules.md = ..docs\architecture\rules.md
		..docs\architecture\sdc-util.md = ..docs\architecture\sdc-util.md
		..docs\architecture\serialization.md = ..docs\architecture\serialization.md
		..docs\architecture\thread-safety.md = ..docs\architecture\thread-safety.md
		..docs\architecture\tree-operations.md = ..docs\architecture\tree-operations.md
		..docs\architecture\tree-stability.md = ..docs\architecture\tree-stability.md
		..docs\architecture\validation.md = ..docs\architecture\validation.md
		..docs\architecture\wasm-blazor.md = ..docs\architecture\wasm-blazor.md
		..docs\architecture\xsd-dotnet-type-mapping.md = ..docs\architecture\xsd-dotnet-type-mapping.md
	EndProjectSection
EndProject
Global
	GlobalSection(SolutionConfigurationPlatforms) = preSolution
		Debug|Any CPU = Debug|Any CPU
		Debug|x64 = Debug|x64
		Debug|x86 = Debug|x86
		Release|Any CPU = Release|Any CPU
		Release|x64 = Release|x64
		Release|x86 = Release|x86
	EndGlobalSection
	GlobalSection(ProjectConfigurationPlatforms) = postSolution
		{3B1B985A-7094-4FC5-966D-C032571443E8}.Debug|Any CPU.ActiveCfg = Debug|Any CPU
		{3B1B985A-7094-4FC5-966D-C032571443E8}.Debug|Any CPU.Build.0 = Debug|Any CPU
		{3B1B985A-7094-4FC5-966D-C032571443E8}.Debug|x64.ActiveCfg = Debug|Any CPU
		{3B1B985A-7094-4FC5-966D-C032571443E8}.Debug|x64.Build.0 = Debug|Any CPU
		{3B1B985A-7094-4FC5-966D-C032571443E8}.Debug|x86.ActiveCfg = Debug|Any CPU
		{3B1B985A-7094-4FC5-966D-C032571443E8}.Debug|x86.Build.0 = Debug|Any CPU
		{3B1B985A-7094-4FC5-966D-C032571443E8}.Release|Any CPU.ActiveCfg = Release|Any CPU
		{3B1B985A-7094-4FC5-966D-C032571443E8}.Release|Any CPU.Build.0 = Release|Any CPU
		{3B1B985A-7094-4FC5-966D-C032571443E8}.Release|x64.ActiveCfg = Release|Any CPU
		{3B1B985A-7094-4FC5-966D-C032571443E8}.Release|x64.Build.0 = Release|Any CPU
		{3B1B985A-7094-4FC5-966D-C032571443E8}.Release|x86.ActiveCfg = Release|Any CPU
		{3B1B985A-7094-4FC5-966D-C032571443E8}.Release|x86.Build.0 = Release|Any CPU
		{C2E21526-E47A-45D6-BCAE-775259A7860F}.Debug|Any CPU.ActiveCfg = Debug|Any CPU
		{C2E21526-E47A-45D6-BCAE-775259A7860F}.Debug|Any CPU.Build.0 = Debug|Any CPU
		{C2E21526-E47A-45D6-BCAE-775259A7860F}.Debug|x64.ActiveCfg = Debug|Any CPU
		{C2E21526-E47A-45D6-BCAE-775259A7860F}.Debug|x64.Build.0 = Debug|Any CPU
		{C2E21526-E47A-45D6-BCAE-775259A7860F}.Debug|x86.ActiveCfg = Debug|Any CPU
		{C2E21526-E47A-45D6-BCAE-775259A7860F}.Debug|x86.Build.0 = Debug|Any CPU
		{C2E21526-E47A-45D6-BCAE-775259A7860F}.Release|Any CPU.ActiveCfg = Release|Any CPU
		{C2E21526-E47A-45D6-BCAE-775259A7860F}.Release|Any CPU.Build.0 = Release|Any CPU
		{C2E21526-E47A-45D6-BCAE-775259A7860F}.Release|x64.ActiveCfg = Release|Any CPU
		{C2E21526-E47A-45D6-BCAE-775259A7860F}.Release|x64.Build.0 = Release|Any CPU
		{C2E21526-E47A-45D6-BCAE-775259A7860F}.Release|x86.ActiveCfg = Release|Any CPU
		{C2E21526-E47A-45D6-BCAE-775259A7860F}.Release|x86.Build.0 = Release|Any CPU
		{D57BBD9C-10EE-4B1B-8129-730CF0F06FF0}.Debug|Any CPU.ActiveCfg = Debug|Any CPU
		{D57BBD9C-10EE-4B1B-8129-730CF0F06FF0}.Debug|Any CPU.Build.0 = Debug|Any CPU
		{D57BBD9C-10EE-4B1B-8129-730CF0F06FF0}.Debug|x64.ActiveCfg = Debug|Any CPU
		{D57BBD9C-10EE-4B1B-8129-730CF0F06FF0}.Debug|x64.Build.0 = Debug|Any CPU
		{D57BBD9C-10EE-4B1B-8129-730CF0F06FF0}.Debug|x86.ActiveCfg = Debug|Any CPU
		{D57BBD9C-10EE-4B1B-8129-730CF0F06FF0}.Debug|x86.Build.0 = Debug|Any CPU
		{D57BBD9C-10EE-4B1B-8129-730CF0F06FF0}.Release|Any CPU.ActiveCfg = Release|Any CPU
		{D57BBD9C-10EE-4B1B-8129-730CF0F06FF0}.Release|Any CPU.Build.0 = Release|Any CPU
		{D57BBD9C-10EE-4B1B-8129-730CF0F06FF0}.Release|x64.ActiveCfg = Release|Any CPU
		{D57BBD9C-10EE-4B1B-8129-730CF0F06FF0}.Release|x64.Build.0 = Release|Any CPU
		{D57BBD9C-10EE-4B1B-8129-730CF0F06FF0}.Release|x86.ActiveCfg = Release|Any CPU
		{D57BBD9C-10EE-4B1B-8129-730CF0F06FF0}.Release|x86.Build.0 = Release|Any CPU
		{BE31B9DD-B539-46C7-9FD0-0821CE75F7EC}.Debug|Any CPU.ActiveCfg = Debug|Any CPU
		{BE31B9DD-B539-46C7-9FD0-0821CE75F7EC}.Debug|Any CPU.Build.0 = Debug|Any CPU
		{BE31B9DD-B539-46C7-9FD0-0821CE75F7EC}.Debug|x64.ActiveCfg = Debug|Any CPU
		{BE31B9DD-B539-46C7-9FD0-0821CE75F7EC}.Debug|x64.Build.0 = Debug|Any CPU
		{BE31B9DD-B539-46C7-9FD0-0821CE75F7EC}.Debug|x86.ActiveCfg = Debug|Any CPU
		{BE31B9DD-B539-46C7-9FD0-0821CE75F7EC}.Debug|x86.Build.0 = Debug|Any CPU
		{BE31B9DD-B539-46C7-9FD0-0821CE75F7EC}.Release|Any CPU.ActiveCfg = Release|Any CPU
		{BE31B9DD-B539-46C7-9FD0-0821CE75F7EC}.Release|Any CPU.Build.0 = Release|Any CPU
		{BE31B9DD-B539-46C7-9FD0-0821CE75F7EC}.Release|x64.ActiveCfg = Release|Any CPU
		{BE31B9DD-B539-46C7-9FD0-0821CE75F7EC}.Release|x64.Build.0 = Release|Any CPU
		{BE31B9DD-B539-46C7-9FD0-0821CE75F7EC}.Release|x86.ActiveCfg = Release|Any CPU
		{BE31B9DD-B539-46C7-9FD0-0821CE75F7EC}.Release|x86.Build.0 = Release|Any CPU
		{C5C6DEA6-AE79-4782-ABF8-33C23FD6737B}.Debug|Any CPU.ActiveCfg = Debug|Any CPU
		{C5C6DEA6-AE79-4782-ABF8-33C23FD6737B}.Debug|Any CPU.Build.0 = Debug|Any CPU
		{C5C6DEA6-AE79-4782-ABF8-33C23FD6737B}.Debug|x64.ActiveCfg = Debug|Any CPU
		{C5C6DEA6-AE79-4782-ABF8-33C23FD6737B}.Debug|x64.Build.0 = Debug|Any CPU
		{C5C6DEA6-AE79-4782-ABF8-33C23FD6737B}.Debug|x86.ActiveCfg = Debug|Any CPU
		{C5C6DEA6-AE79-4782-ABF8-33C23FD6737B}.Debug|x86.Build.0 = Debug|Any CPU
		{C5C6DEA6-AE79-4782-ABF8-33C23FD6737B}.Release|Any CPU.ActiveCfg = Release|Any CPU
		{C5C6DEA6-AE79-4782-ABF8-33C23FD6737B}.Release|Any CPU.Build.0 = Release|Any CPU
		{C5C6DEA6-AE79-4782-ABF8-33C23FD6737B}.Release|x64.ActiveCfg = Release|Any CPU
		{C5C6DEA6-AE79-4782-ABF8-33C23FD6737B}.Release|x64.Build.0 = Release|Any CPU
		{C5C6DEA6-AE79-4782-ABF8-33C23FD6737B}.Release|x86.ActiveCfg = Release|Any CPU
		{C5C6DEA6-AE79-4782-ABF8-33C23FD6737B}.Release|x86.Build.0 = Release|Any CPU
		{6F068A48-85D6-432F-AFC7-9D1779858505}.Debug|Any CPU.ActiveCfg = Debug|Any CPU
		{6F068A48-85D6-432F-AFC7-9D1779858505}.Debug|Any CPU.Build.0 = Debug|Any CPU
		{6F068A48-85D6-432F-AFC7-9D1779858505}.Debug|x64.ActiveCfg = Debug|Any CPU
		{6F068A48-85D6-432F-AFC7-9D1779858505}.Debug|x64.Build.0 = Debug|Any CPU
		{6F068A48-85D6-432F-AFC7-9D1779858505}.Debug|x86.ActiveCfg = Debug|Any CPU
		{6F068A48-85D6-432F-AFC7-9D1779858505}.Debug|x86.Build.0 = Debug|Any CPU
		{6F068A48-85D6-432F-AFC7-9D1779858505}.Release|Any CPU.ActiveCfg = Release|Any CPU
		{6F068A48-85D6-432F-AFC7-9D1779858505}.Release|Any CPU.Build.0 = Release|Any CPU
		{6F068A48-85D6-432F-AFC7-9D1779858505}.Release|x64.ActiveCfg = Release|Any CPU
		{6F068A48-85D6-432F-AFC7-9D1779858505}.Release|x64.Build.0 = Release|Any CPU
		{6F068A48-85D6-432F-AFC7-9D1779858505}.Release|x86.ActiveCfg = Release|Any CPU
		{6F068A48-85D6-432F-AFC7-9D1779858505}.Release|x86.Build.0 = Release|Any CPU
		{B869D004-D44C-4204-9D16-91CE174D48E9}.Debug|Any CPU.ActiveCfg = Debug|Any CPU
		{B869D004-D44C-4204-9D16-91CE174D48E9}.Debug|Any CPU.Build.0 = Debug|Any CPU
		{B869D004-D44C-4204-9D16-91CE174D48E9}.Debug|x64.ActiveCfg = Debug|Any CPU
		{B869D004-D44C-4204-9D16-91CE174D48E9}.Debug|x64.Build.0 = Debug|Any CPU
		{B869D004-D44C-4204-9D16-91CE174D48E9}.Debug|x86.ActiveCfg = Debug|Any CPU
		{B869D004-D44C-4204-9D16-91CE174D48E9}.Debug|x86.Build.0 = Debug|Any CPU
		{B869D004-D44C-4204-9D16-91CE174D48E9}.Release|Any CPU.ActiveCfg = Release|Any CPU
		{B869D004-D44C-4204-9D16-91CE174D48E9}.Release|Any CPU.Build.0 = Release|Any CPU
		{B869D004-D44C-4204-9D16-91CE174D48E9}.Release|x64.ActiveCfg = Release|Any CPU
		{B869D004-D44C-4204-9D16-91CE174D48E9}.Release|x64.Build.0 = Release|Any CPU
		{B869D004-D44C-4204-9D16-91CE174D48E9}.Release|x86.ActiveCfg = Release|Any CPU
		{B869D004-D44C-4204-9D16-91CE174D48E9}.Release|x86.Build.0 = Release|Any CPU
		{1C2519BF-AD24-48B0-A428-9B4D3251E39D}.Debug|Any CPU.ActiveCfg = Debug|Any CPU
		{1C2519BF-AD24-48B0-A428-9B4D3251E39D}.Debug|Any CPU.Build.0 = Debug|Any CPU
		{1C2519BF-AD24-48B0-A428-9B4D3251E39D}.Debug|x64.ActiveCfg = Debug|Any CPU
		{1C2519BF-AD24-48B0-A428-9B4D3251E39D}.Debug|x64.Build.0 = Debug|Any CPU
		{1C2519BF-AD24-48B0-A428-9B4D3251E39D}.Debug|x86.ActiveCfg = Debug|Any CPU
		{1C2519BF-AD24-48B0-A428-9B4D3251E39D}.Debug|x86.Build.0 = Debug|Any CPU
		{1C2519BF-AD24-48B0-A428-9B4D3251E39D}.Release|Any CPU.ActiveCfg = Release|Any CPU
		{1C2519BF-AD24-48B0-A428-9B4D3251E39D}.Release|Any CPU.Build.0 = Release|Any CPU
		{1C2519BF-AD24-48B0-A428-9B4D3251E39D}.Release|x64.ActiveCfg = Release|Any CPU
		{1C2519BF-AD24-48B0-A428-9B4D3251E39D}.Release|x64.Build.0 = Release|Any CPU
		{1C2519BF-AD24-48B0-A428-9B4D3251E39D}.Release|x86.ActiveCfg = Release|Any CPU
		{1C2519BF-AD24-48B0-A428-9B4D3251E39D}.Release|x86.Build.0 = Release|Any CPU
		{429C2D54-43B1-4101-A1C9-413D69193E47}.Debug|Any CPU.ActiveCfg = Debug|Any CPU
		{429C2D54-43B1-4101-A1C9-413D69193E47}.Debug|Any CPU.Build.0 = Debug|Any CPU
		{429C2D54-43B1-4101-A1C9-413D69193E47}.Debug|x64.ActiveCfg = Debug|Any CPU
		{429C2D54-43B1-4101-A1C9-413D69193E47}.Debug|x64.Build.0 = Debug|Any CPU
		{429C2D54-43B1-4101-A1C9-413D69193E47}.Debug|x86.ActiveCfg = Debug|Any CPU
		{429C2D54-43B1-4101-A1C9-413D69193E47}.Debug|x86.Build.0 = Debug|Any CPU
		{429C2D54-43B1-4101-A1C9-413D69193E47}.Release|Any CPU.ActiveCfg = Release|Any CPU
		{429C2D54-43B1-4101-A1C9-413D69193E47}.Release|Any CPU.Build.0 = Release|Any CPU
		{429C2D54-43B1-4101-A1C9-413D69193E47}.Release|x64.ActiveCfg = Release|Any CPU
		{429C2D54-43B1-4101-A1C9-413D69193E47}.Release|x64.Build.0 = Release|Any CPU
		{429C2D54-43B1-4101-A1C9-413D69193E47}.Release|x86.ActiveCfg = Release|Any CPU
		{429C2D54-43B1-4101-A1C9-413D69193E47}.Release|x86.Build.0 = Release|Any CPU
		{9E1C551A-D999-43D9-8804-D456A3010E94}.Debug|Any CPU.ActiveCfg = Debug|Any CPU
		{9E1C551A-D999-43D9-8804-D456A3010E94}.Debug|Any CPU.Build.0 = Debug|Any CPU
		{9E1C551A-D999-43D9-8804-D456A3010E94}.Debug|x64.ActiveCfg = Debug|Any CPU
		{9E1C551A-D999-43D9-8804-D456A3010E94}.Debug|x64.Build.0 = Debug|Any CPU
		{9E1C551A-D999-43D9-8804-D456A3010E94}.Debug|x86.ActiveCfg = Debug|Any CPU
		{9E1C551A-D999-43D9-8804-D456A3010E94}.Debug|x86.Build.0 = Debug|Any CPU
		{9E1C551A-D999-43D9-8804-D456A3010E94}.Release|Any CPU.ActiveCfg = Release|Any CPU
		{9E1C551A-D999-43D9-8804-D456A3010E94}.Release|Any CPU.Build.0 = Release|Any CPU
		{9E1C551A-D999-43D9-8804-D456A3010E94}.Release|x64.ActiveCfg = Release|Any CPU
		{9E1C551A-D999-43D9-8804-D456A3010E94}.Release|x64.Build.0 = Release|Any CPU
		{9E1C551A-D999-43D9-8804-D456A3010E94}.Release|x86.ActiveCfg = Release|Any CPU
		{9E1C551A-D999-43D9-8804-D456A3010E94}.Release|x86.Build.0 = Release|Any CPU
		{991F4786-3F1A-47DE-B7F5-22F24CD5B34D}.Debug|Any CPU.ActiveCfg = Debug|Any CPU
		{991F4786-3F1A-47DE-B7F5-22F24CD5B34D}.Debug|Any CPU.Build.0 = Debug|Any CPU
		{991F4786-3F1A-47DE-B7F5-22F24CD5B34D}.Debug|x64.ActiveCfg = Debug|Any CPU
		{991F4786-3F1A-47DE-B7F5-22F24CD5B34D}.Debug|x64.Build.0 = Debug|Any CPU
		{991F4786-3F1A-47DE-B7F5-22F24CD5B34D}.Debug|x86.ActiveCfg = Debug|Any CPU
		{991F4786-3F1A-47DE-B7F5-22F24CD5B34D}.Debug|x86.Build.0 = Debug|Any CPU
		{991F4786-3F1A-47DE-B7F5-22F24CD5B34D}.Release|Any CPU.ActiveCfg = Release|Any CPU
		{991F4786-3F1A-47DE-B7F5-22F24CD5B34D}.Release|Any CPU.Build.0 = Release|Any CPU
		{991F4786-3F1A-47DE-B7F5-22F24CD5B34D}.Release|x64.ActiveCfg = Release|Any CPU
		{991F4786-3F1A-47DE-B7F5-22F24CD5B34D}.Release|x64.Build.0 = Release|Any CPU
		{991F4786-3F1A-47DE-B7F5-22F24CD5B34D}.Release|x86.ActiveCfg = Release|Any CPU
		{991F4786-3F1A-47DE-B7F5-22F24CD5B34D}.Release|x86.Build.0 = Release|Any CPU
		{D8B5A782-0863-4129-A3DF-B12B93EC5729}.Debug|Any CPU.ActiveCfg = Debug|Any CPU
		{D8B5A782-0863-4129-A3DF-B12B93EC5729}.Debug|Any CPU.Build.0 = Debug|Any CPU
		{D8B5A782-0863-4129-A3DF-B12B93EC5729}.Debug|x64.ActiveCfg = Debug|Any CPU
		{D8B5A782-0863-4129-A3DF-B12B93EC5729}.Debug|x64.Build.0 = Debug|Any CPU
		{D8B5A782-0863-4129-A3DF-B12B93EC5729}.Debug|x86.ActiveCfg = Debug|Any CPU
		{D8B5A782-0863-4129-A3DF-B12B93EC5729}.Debug|x86.Build.0 = Debug|Any CPU
		{D8B5A782-0863-4129-A3DF-B12B93EC5729}.Release|Any CPU.ActiveCfg = Release|Any CPU
		{D8B5A782-0863-4129-A3DF-B12B93EC5729}.Release|Any CPU.Build.0 = Release|Any CPU
		{D8B5A782-0863-4129-A3DF-B12B93EC5729}.Release|x64.ActiveCfg = Release|Any CPU
		{D8B5A782-0863-4129-A3DF-B12B93EC5729}.Release|x64.Build.0 = Release|Any CPU
		{D8B5A782-0863-4129-A3DF-B12B93EC5729}.Release|x86.ActiveCfg = Release|Any CPU
		{D8B5A782-0863-4129-A3DF-B12B93EC5729}.Release|x86.Build.0 = Release|Any CPU
		{3506B1F2-C293-4DFB-AD11-10922211DC22}.Debug|Any CPU.ActiveCfg = Debug|Any CPU
		{3506B1F2-C293-4DFB-AD11-10922211DC22}.Debug|Any CPU.Build.0 = Debug|Any CPU
		{3506B1F2-C293-4DFB-AD11-10922211DC22}.Debug|x64.ActiveCfg = Debug|Any CPU
		{3506B1F2-C293-4DFB-AD11-10922211DC22}.Debug|x64.Build.0 = Debug|Any CPU
		{3506B1F2-C293-4DFB-AD11-10922211DC22}.Debug|x86.ActiveCfg = Debug|Any CPU
		{3506B1F2-C293-4DFB-AD11-10922211DC22}.Debug|x86.Build.0 = Debug|Any CPU
		{3506B1F2-C293-4DFB-AD11-10922211DC22}.Release|Any CPU.ActiveCfg = Release|Any CPU
		{3506B1F2-C293-4DFB-AD11-10922211DC22}.Release|Any CPU.Build.0 = Release|Any CPU
		{3506B1F2-C293-4DFB-AD11-10922211DC22}.Release|x64.ActiveCfg = Release|Any CPU
		{3506B1F2-C293-4DFB-AD11-10922211DC22}.Release|x64.Build.0 = Release|Any CPU
		{3506B1F2-C293-4DFB-AD11-10922211DC22}.Release|x86.ActiveCfg = Release|Any CPU
		{3506B1F2-C293-4DFB-AD11-10922211DC22}.Release|x86.Build.0 = Release|Any CPU
		{0358A897-9FE0-4BBA-9363-CA8AC1785408}.Debug|Any CPU.ActiveCfg = Debug|Any CPU
		{0358A897-9FE0-4BBA-9363-CA8AC1785408}.Debug|Any CPU.Build.0 = Debug|Any CPU
		{0358A897-9FE0-4BBA-9363-CA8AC1785408}.Debug|x64.ActiveCfg = Debug|Any CPU
		{0358A897-9FE0-4BBA-9363-CA8AC1785408}.Debug|x64.Build.0 = Debug|Any CPU
		{0358A897-9FE0-4BBA-9363-CA8AC1785408}.Debug|x86.ActiveCfg = Debug|Any CPU
		{0358A897-9FE0-4BBA-9363-CA8AC1785408}.Debug|x86.Build.0 = Debug|Any CPU
		{0358A897-9FE0-4BBA-9363-CA8AC1785408}.Release|Any CPU.ActiveCfg = Release|Any CPU
		{0358A897-9FE0-4BBA-9363-CA8AC1785408}.Release|Any CPU.Build.0 = Release|Any CPU
		{0358A897-9FE0-4BBA-9363-CA8AC1785408}.Release|x64.ActiveCfg = Release|Any CPU
		{0358A897-9FE0-4BBA-9363-CA8AC1785408}.Release|x64.Build.0 = Release|Any CPU
		{0358A897-9FE0-4BBA-9363-CA8AC1785408}.Release|x86.ActiveCfg = Release|Any CPU
		{0358A897-9FE0-4BBA-9363-CA8AC1785408}.Release|x86.Build.0 = Release|Any CPU
		{79BF9956-B170-4349-B590-B1F23B0A65F3}.Debug|Any CPU.ActiveCfg = Debug|Any CPU
		{79BF9956-B170-4349-B590-B1F23B0A65F3}.Debug|Any CPU.Build.0 = Debug|Any CPU
		{79BF9956-B170-4349-B590-B1F23B0A65F3}.Debug|x64.ActiveCfg = Debug|Any CPU
		{79BF9956-B170-4349-B590-B1F23B0A65F3}.Debug|x64.Build.0 = Debug|Any CPU
		{79BF9956-B170-4349-B590-B1F23B0A65F3}.Debug|x86.ActiveCfg = Debug|Any CPU
		{79BF9956-B170-4349-B590-B1F23B0A65F3}.Debug|x86.Build.0 = Debug|Any CPU
		{79BF9956-B170-4349-B590-B1F23B0A65F3}.Release|Any CPU.ActiveCfg = Release|Any CPU
		{79BF9956-B170-4349-B590-B1F23B0A65F3}.Release|Any CPU.Build.0 = Release|Any CPU
		{79BF9956-B170-4349-B590-B1F23B0A65F3}.Release|x64.ActiveCfg = Release|Any CPU
		{79BF9956-B170-4349-B590-B1F23B0A65F3}.Release|x64.Build.0 = Release|Any CPU
		{79BF9956-B170-4349-B590-B1F23B0A65F3}.Release|x86.ActiveCfg = Release|Any CPU
		{79BF9956-B170-4349-B590-B1F23B0A65F3}.Release|x86.Build.0 = Release|Any CPU
	EndGlobalSection
	GlobalSection(SolutionProperties) = preSolution
		HideSolutionNode = FALSE
	EndGlobalSection
	GlobalSection(NestedProjects) = preSolution
		{B616931D-A469-4F55-84BD-B942F981E7A9} = {87DB0F58-599C-4AD5-9974-3CF93E666F78}
		{628636F2-1178-4418-A8CC-DFD61E5B27CE} = {87DB0F58-599C-4AD5-9974-3CF93E666F78}
		{62922B6F-1BD7-4D8E-8DAF-96FDFCDE3C48} = {87DB0F58-599C-4AD5-9974-3CF93E666F78}
	EndGlobalSection
	GlobalSection(ExtensibilityGlobals) = postSolution
		SolutionGuid = {5D8CBFE4-3773-4108-AC73-03AC6AF357ED}
	EndGlobalSection
EndGlobal
